// !$*UTF8*$!
{
	archiveVersion = 1;
	classes = {
	};
	objectVersion = 55;
	objects = {

/* Begin PBXBuildFile section */
		DB6B6EBA29616DBA00583BDD /* TouchdownApp.swift in Sources */ = {isa = PBXBuildFile; fileRef = DB6B6EB929616DBA00583BDD /* TouchdownApp.swift */; };
		DB6B6EBC29616DBA00583BDD /* ContentView.swift in Sources */ = {isa = PBXBuildFile; fileRef = DB6B6EBB29616DBA00583BDD /* ContentView.swift */; };
		DB6B6EBE29616DBD00583BDD /* Assets.xcassets in Resources */ = {isa = PBXBuildFile; fileRef = DB6B6EBD29616DBD00583BDD /* Assets.xcassets */; };
		DB6B6EC129616DBD00583BDD /* Preview Assets.xcassets in Resources */ = {isa = PBXBuildFile; fileRef = DB6B6EC029616DBD00583BDD /* Preview Assets.xcassets */; };
		DB6B6ECB29616EF500583BDD /* brand.json in Resources */ = {isa = PBXBuildFile; fileRef = DB6B6EC729616EF400583BDD /* brand.json */; };
		DB6B6ECC29616EF500583BDD /* product.json in Resources */ = {isa = PBXBuildFile; fileRef = DB6B6EC829616EF400583BDD /* product.json */; };
		DB6B6ECD29616EF500583BDD /* category.json in Resources */ = {isa = PBXBuildFile; fileRef = DB6B6EC929616EF400583BDD /* category.json */; };
		DB6B6ECE29616EF500583BDD /* player.json in Resources */ = {isa = PBXBuildFile; fileRef = DB6B6ECA29616EF500583BDD /* player.json */; };
		DB6B6ED72961816300583BDD /* Constant.swift in Sources */ = {isa = PBXBuildFile; fileRef = DB6B6ED62961816300583BDD /* Constant.swift */; };
		DB6B6EDA2961826300583BDD /* FooterView.swift in Sources */ = {isa = PBXBuildFile; fileRef = DB6B6ED92961826300583BDD /* FooterView.swift */; };
/* End PBXBuildFile section */

/* Begin PBXFileReference section */
		DB6B6EB629616DBA00583BDD /* Touchdown.app */ = {isa = PBXFileReference; explicitFileType = wrapper.application; includeInIndex = 0; path = Touchdown.app; sourceTree = BUILT_PRODUCTS_DIR; };
		DB6B6EB929616DBA00583BDD /* TouchdownApp.swift */ = {isa = PBXFileReference; lastKnownFileType = sourcecode.swift; path = TouchdownApp.swift; sourceTree = "<group>"; };
		DB6B6EBB29616DBA00583BDD /* ContentView.swift */ = {isa = PBXFileReference; lastKnownFileType = sourcecode.swift; path = ContentView.swift; sourceTree = "<group>"; };
		DB6B6EBD29616DBD00583BDD /* Assets.xcassets */ = {isa = PBXFileReference; lastKnownFileType = folder.assetcatalog; path = Assets.xcassets; sourceTree = "<group>"; };
		DB6B6EC029616DBD00583BDD /* Preview Assets.xcassets */ = {isa = PBXFileReference; lastKnownFileType = folder.assetcatalog; path = "Preview Assets.xcassets"; sourceTree = "<group>"; };
		DB6B6EC729616EF400583BDD /* brand.json */ = {isa = PBXFileReference; fileEncoding = 4; lastKnownFileType = text.json; path = brand.json; sourceTree = "<group>"; };
		DB6B6EC829616EF400583BDD /* product.json */ = {isa = PBXFileReference; fileEncoding = 4; lastKnownFileType = text.json; path = product.json; sourceTree = "<group>"; };
		DB6B6EC929616EF400583BDD /* category.json */ = {isa = PBXFileReference; fileEncoding = 4; lastKnownFileType = text.json; path = category.json; sourceTree = "<group>"; };
		DB6B6ECA29616EF500583BDD /* player.json */ = {isa = PBXFileReference; fileEncoding = 4; lastKnownFileType = text.json; path = player.json; sourceTree = "<group>"; };
		DB6B6ED029616F7100583BDD /* Info.plist */ = {isa = PBXFileReference; lastKnownFileType = text.plist; path = Info.plist; sourceTree = "<group>"; };
		DB6B6ED62961816300583BDD /* Constant.swift */ = {isa = PBXFileReference; lastKnownFileType = sourcecode.swift; name = Constant.swift; path = Touchdown/Data/Constant.swift; sourceTree = SOURCE_ROOT; };
		DB6B6ED92961826300583BDD /* FooterView.swift */ = {isa = PBXFileReference; lastKnownFileType = sourcecode.swift; path = FooterView.swift; sourceTree = "<group>"; };
/* End PBXFileReference section */

/* Begin PBXFrameworksBuildPhase section */
		DB6B6EB329616DBA00583BDD /* Frameworks */ = {
			isa = PBXFrameworksBuildPhase;
			buildActionMask = 2147483647;
			files = (
			);
			runOnlyForDeploymentPostprocessing = 0;
		};
/* End PBXFrameworksBuildPhase section */

/* Begin PBXGroup section */
		DB6B6EAD29616DBA00583BDD = {
			isa = PBXGroup;
			children = (
				DB6B6EB829616DBA00583BDD /* Touchdown */,
				DB6B6EB729616DBA00583BDD /* Products */,
			);
			sourceTree = "<group>";
		};
		DB6B6EB729616DBA00583BDD /* Products */ = {
			isa = PBXGroup;
			children = (
				DB6B6EB629616DBA00583BDD /* Touchdown.app */,
			);
			name = Products;
			sourceTree = "<group>";
		};
		DB6B6EB829616DBA00583BDD /* Touchdown */ = {
			isa = PBXGroup;
			children = (
				DB6B6ED4296180B500583BDD /* App */,
				DB6B6ED5296180DD00583BDD /* View */,
				DB6B6ECF29616EFE00583BDD /* Data */,
				DB6B6ED12961808E00583BDD /* Model */,
				DB6B6ED22961809400583BDD /* Extension */,
				DB6B6ED32961809F00583BDD /* Utility */,
				DB6B6ED029616F7100583BDD /* Info.plist */,
				DB6B6EBD29616DBD00583BDD /* Assets.xcassets */,
				DB6B6EBF29616DBD00583BDD /* Preview Content */,
			);
			path = Touchdown;
			sourceTree = "<group>";
		};
		DB6B6EBF29616DBD00583BDD /* Preview Content */ = {
			isa = PBXGroup;
			children = (
				DB6B6EC029616DBD00583BDD /* Preview Assets.xcassets */,
			);
			path = "Preview Content";
			sourceTree = "<group>";
		};
		DB6B6ECF29616EFE00583BDD /* Data */ = {
			isa = PBXGroup;
			children = (
				DB6B6EC729616EF400583BDD /* brand.json */,
				DB6B6EC929616EF400583BDD /* category.json */,
				DB6B6ECA29616EF500583BDD /* player.json */,
				DB6B6EC829616EF400583BDD /* product.json */,
			);
			path = Data;
			sourceTree = "<group>";
		};
		DB6B6ED12961808E00583BDD /* Model */ = {
			isa = PBXGroup;
			children = (
			);
			path = Model;
			sourceTree = "<group>";
		};
		DB6B6ED22961809400583BDD /* Extension */ = {
			isa = PBXGroup;
			children = (
			);
			path = Extension;
			sourceTree = "<group>";
		};
		DB6B6ED32961809F00583BDD /* Utility */ = {
			isa = PBXGroup;
			children = (
				DB6B6ED62961816300583BDD /* Constant.swift */,
			);
			path = Utility;
			sourceTree = "<group>";
		};
		DB6B6ED4296180B500583BDD /* App */ = {
			isa = PBXGroup;
			children = (
				DB6B6EB929616DBA00583BDD /* TouchdownApp.swift */,
				DB6B6EBB29616DBA00583BDD /* ContentView.swift */,
			);
			path = App;
			sourceTree = "<group>";
		};
		DB6B6ED5296180DD00583BDD /* View */ = {
			isa = PBXGroup;
			children = (
				DB6B6ED82961825000583BDD /* Home */,
			);
			path = View;
			sourceTree = "<group>";
		};
		DB6B6ED82961825000583BDD /* Home */ = {
			isa = PBXGroup;
			children = (
				DB6B6ED92961826300583BDD /* FooterView.swift */,
			);
			path = Home;
			sourceTree = "<group>";
		};
/* End PBXGroup section */

/* Begin PBXNativeTarget section */
		DB6B6EB529616DBA00583BDD /* Touchdown */ = {
			isa = PBXNativeTarget;
			buildConfigurationList = DB6B6EC429616DBD00583BDD /* Build configuration list for PBXNativeTarget "Touchdown" */;
			buildPhases = (
				DB6B6EB229616DBA00583BDD /* Sources */,
				DB6B6EB329616DBA00583BDD /* Frameworks */,
				DB6B6EB429616DBA00583BDD /* Resources */,
			);
			buildRules = (
			);
			dependencies = (
			);
			name = Touchdown;
			productName = Touchdown;
			productReference = DB6B6EB629616DBA00583BDD /* Touchdown.app */;
			productType = "com.apple.product-type.application";
		};
/* End PBXNativeTarget section */

/* Begin PBXProject section */
		DB6B6EAE29616DBA00583BDD /* Project object */ = {
			isa = PBXProject;
			attributes = {
				BuildIndependentTargetsInParallel = 1;
				LastSwiftUpdateCheck = 1340;
				LastUpgradeCheck = 1340;
				TargetAttributes = {
					DB6B6EB529616DBA00583BDD = {
						CreatedOnToolsVersion = 13.4.1;
					};
				};
			};
			buildConfigurationList = DB6B6EB129616DBA00583BDD /* Build configuration list for PBXProject "Touchdown" */;
			compatibilityVersion = "Xcode 13.0";
			developmentRegion = en;
			hasScannedForEncodings = 0;
			knownRegions = (
				en,
				Base,
			);
			mainGroup = DB6B6EAD29616DBA00583BDD;
			productRefGroup = DB6B6EB729616DBA00583BDD /* Products */;
			projectDirPath = "";
			projectRoot = "";
			targets = (
				DB6B6EB529616DBA00583BDD /* Touchdown */,
			);
		};
/* End PBXProject section */

/* Begin PBXResourcesBuildPhase section */
		DB6B6EB429616DBA00583BDD /* Resources */ = {
			isa = PBXResourcesBuildPhase;
			buildActionMask = 2147483647;
			files = (
				DB6B6ECE29616EF500583BDD /* player.json in Resources */,
				DB6B6EC129616DBD00583BDD /* Preview Assets.xcassets in Resources */,
				DB6B6ECC29616EF500583BDD /* product.json in Resources */,
				DB6B6ECD29616EF500583BDD /* category.json in Resources */,
				DB6B6EBE29616DBD00583BDD /* Assets.xcassets in Resources */,
				DB6B6ECB29616EF500583BDD /* brand.json in Resources */,
			);
			runOnlyForDeploymentPostprocessing = 0;
		};
/* End PBXResourcesBuildPhase section */

/* Begin PBXSourcesBuildPhase section */
		DB6B6EB229616DBA00583BDD /* Sources */ = {
			isa = PBXSourcesBuildPhase;
			buildActionMask = 2147483647;
			files = (
				DB6B6EBC29616DBA00583BDD /* ContentView.swift in Sources */,
				DB6B6EDA2961826300583BDD /* FooterView.swift in Sources */,
				DB6B6EBA29616DBA00583BDD /* TouchdownApp.swift in Sources */,
				DB6B6ED72961816300583BDD /* Constant.swift in Sources */,
			);
			runOnlyForDeploymentPostprocessing = 0;
		};
/* End PBXSourcesBuildPhase section */

/* Begin XCBuildConfiguration section */
		DB6B6EC229616DBD00583BDD /* Debug */ = {
			isa = XCBuildConfiguration;
			buildSettings = {
				ALWAYS_SEARCH_USER_PATHS = NO;
				CLANG_ANALYZER_NONNULL = YES;
				CLANG_ANALYZER_NUMBER_OBJECT_CONVERSION = YES_AGGRESSIVE;
				CLANG_CXX_LANGUAGE_STANDARD = "gnu++17";
				CLANG_ENABLE_MODULES = YES;
				CLANG_ENABLE_OBJC_ARC = YES;
				CLANG_ENABLE_OBJC_WEAK = YES;
				CLANG_WARN_BLOCK_CAPTURE_AUTORELEASING = YES;
				CLANG_WARN_BOOL_CONVERSION = YES;
				CLANG_WARN_COMMA = YES;
				CLANG_WARN_CONSTANT_CONVERSION = YES;
				CLANG_WARN_DEPRECATED_OBJC_IMPLEMENTATIONS = YES;
				CLANG_WARN_DIRECT_OBJC_ISA_USAGE = YES_ERROR;
				CLANG_WARN_DOCUMENTATION_COMMENTS = YES;
				CLANG_WARN_EMPTY_BODY = YES;
				CLANG_WARN_ENUM_CONVERSION = YES;
				CLANG_WARN_INFINITE_RECURSION = YES;
				CLANG_WARN_INT_CONVERSION = YES;
				CLANG_WARN_NON_LITERAL_NULL_CONVERSION = YES;
				CLANG_WARN_OBJC_IMPLICIT_RETAIN_SELF = YES;
				CLANG_WARN_OBJC_LITERAL_CONVERSION = YES;
				CLANG_WARN_OBJC_ROOT_CLASS = YES_ERROR;
				CLANG_WARN_QUOTED_INCLUDE_IN_FRAMEWORK_HEADER = YES;
				CLANG_WARN_RANGE_LOOP_ANALYSIS = YES;
				CLANG_WARN_STRICT_PROTOTYPES = YES;
				CLANG_WARN_SUSPICIOUS_MOVE = YES;
				CLANG_WARN_UNGUARDED_AVAILABILITY = YES_AGGRESSIVE;
				CLANG_WARN_UNREACHABLE_CODE = YES;
				CLANG_WARN__DUPLICATE_METHOD_MATCH = YES;
				COPY_PHASE_STRIP = NO;
				DEBUG_INFORMATION_FORMAT = dwarf;
				ENABLE_STRICT_OBJC_MSGSEND = YES;
				ENABLE_TESTABILITY = YES;
				GCC_C_LANGUAGE_STANDARD = gnu11;
				GCC_DYNAMIC_NO_PIC = NO;
				GCC_NO_COMMON_BLOCKS = YES;
				GCC_OPTIMIZATION_LEVEL = 0;
				GCC_PREPROCESSOR_DEFINITIONS = (
					"DEBUG=1",
					"$(inherited)",
				);
				GCC_WARN_64_TO_32_BIT_CONVERSION = YES;
				GCC_WARN_ABOUT_RETURN_TYPE = YES_ERROR;
				GCC_WARN_UNDECLARED_SELECTOR = YES;
				GCC_WARN_UNINITIALIZED_AUTOS = YES_AGGRESSIVE;
				GCC_WARN_UNUSED_FUNCTION = YES;
				GCC_WARN_UNUSED_VARIABLE = YES;
				IPHONEOS_DEPLOYMENT_TARGET = 15.5;
				MTL_ENABLE_DEBUG_INFO = INCLUDE_SOURCE;
				MTL_FAST_MATH = YES;
				ONLY_ACTIVE_ARCH = YES;
				SDKROOT = iphoneos;
				SWIFT_ACTIVE_COMPILATION_CONDITIONS = DEBUG;
				SWIFT_OPTIMIZATION_LEVEL = "-Onone";
			};
			name = Debug;
		};
		DB6B6EC329616DBD00583BDD /* Release */ = {
			isa = XCBuildConfiguration;
			buildSettings = {
				ALWAYS_SEARCH_USER_PATHS = NO;
				CLANG_ANALYZER_NONNULL = YES;
				CLANG_ANALYZER_NUMBER_OBJECT_CONVERSION = YES_AGGRESSIVE;
				CLANG_CXX_LANGUAGE_STANDARD = "gnu++17";
				CLANG_ENABLE_MODULES = YES;
				CLANG_ENABLE_OBJC_ARC = YES;
				CLANG_ENABLE_OBJC_WEAK = YES;
				CLANG_WARN_BLOCK_CAPTURE_AUTORELEASING = YES;
				CLANG_WARN_BOOL_CONVERSION = YES;
				CLANG_WARN_COMMA = YES;
				CLANG_WARN_CONSTANT_CONVERSION = YES;
				CLANG_WARN_DEPRECATED_OBJC_IMPLEMENTATIONS = YES;
				CLANG_WARN_DIRECT_OBJC_ISA_USAGE = YES_ERROR;
				CLANG_WARN_DOCUMENTATION_COMMENTS = YES;
				CLANG_WARN_EMPTY_BODY = YES;
				CLANG_WARN_ENUM_CONVERSION = YES;
				CLANG_WARN_INFINITE_RECURSION = YES;
				CLANG_WARN_INT_CONVERSION = YES;
				CLANG_WARN_NON_LITERAL_NULL_CONVERSION = YES;
				CLANG_WARN_OBJC_IMPLICIT_RETAIN_SELF = YES;
				CLANG_WARN_OBJC_LITERAL_CONVERSION = YES;
				CLANG_WARN_OBJC_ROOT_CLASS = YES_ERROR;
				CLANG_WARN_QUOTED_INCLUDE_IN_FRAMEWORK_HEADER = YES;
				CLANG_WARN_RANGE_LOOP_ANALYSIS = YES;
				CLANG_WARN_STRICT_PROTOTYPES = YES;
				CLANG_WARN_SUSPICIOUS_MOVE = YES;
				CLANG_WARN_UNGUARDED_AVAILABILITY = YES_AGGRESSIVE;
				CLANG_WARN_UNREACHABLE_CODE = YES;
				CLANG_WARN__DUPLICATE_METHOD_MATCH = YES;
				COPY_PHASE_STRIP = NO;
				DEBUG_INFORMATION_FORMAT = "dwarf-with-dsym";
				ENABLE_NS_ASSERTIONS = NO;
				ENABLE_STRICT_OBJC_MSGSEND = YES;
				GCC_C_LANGUAGE_STANDARD = gnu11;
				GCC_NO_COMMON_BLOCKS = YES;
				GCC_WARN_64_TO_32_BIT_CONVERSION = YES;
				GCC_WARN_ABOUT_RETURN_TYPE = YES_ERROR;
				GCC_WARN_UNDECLARED_SELECTOR = YES;
				GCC_WARN_UNINITIALIZED_AUTOS = YES_AGGRESSIVE;
				GCC_WARN_UNUSED_FUNCTION = YES;
				GCC_WARN_UNUSED_VARIABLE = YES;
				IPHONEOS_DEPLOYMENT_TARGET = 15.5;
				MTL_ENABLE_DEBUG_INFO = NO;
				MTL_FAST_MATH = YES;
				SDKROOT = iphoneos;
				SWIFT_COMPILATION_MODE = wholemodule;
				SWIFT_OPTIMIZATION_LEVEL = "-O";
				VALIDATE_PRODUCT = YES;
			};
			name = Release;
		};
		DB6B6EC529616DBD00583BDD /* Debug */ = {
			isa = XCBuildConfiguration;
			buildSettings = {
				ASSETCATALOG_COMPILER_APPICON_NAME = AppIcon;
				ASSETCATALOG_COMPILER_GLOBAL_ACCENT_COLOR_NAME = AccentColor;
				CODE_SIGN_STYLE = Automatic;
				CURRENT_PROJECT_VERSION = 1;
				DEVELOPMENT_ASSET_PATHS = "\"Touchdown/Preview Content\"";
				DEVELOPMENT_TEAM = Y8Y75ZYA6Q;
				ENABLE_PREVIEWS = YES;
				GENERATE_INFOPLIST_FILE = YES;
				INFOPLIST_FILE = Touchdown/Info.plist;
				INFOPLIST_KEY_UIApplicationSceneManifest_Generation = YES;
				INFOPLIST_KEY_UIApplicationSupportsIndirectInputEvents = YES;
				INFOPLIST_KEY_UISupportedInterfaceOrientations_iPad = "UIInterfaceOrientationPortrait UIInterfaceOrientationPortraitUpsideDown UIInterfaceOrientationLandscapeLeft UIInterfaceOrientationLandscapeRight";
				INFOPLIST_KEY_UISupportedInterfaceOrientations_iPhone = "UIInterfaceOrientationPortrait UIInterfaceOrientationLandscapeLeft UIInterfaceOrientationLandscapeRight";
				INFOPLIST_KEY_UIUserInterfaceStyle = Light;
				LD_RUNPATH_SEARCH_PATHS = (
					"$(inherited)",
					"@executable_path/Frameworks",
				);
				MARKETING_VERSION = 1.0;
				PRODUCT_BUNDLE_IDENTIFIER = com.ashish.Touchdown;
				PRODUCT_NAME = "$(TARGET_NAME)";
				SWIFT_EMIT_LOC_STRINGS = YES;
				SWIFT_VERSION = 5.0;
				TARGETED_DEVICE_FAMILY = "1,2";
			};
			name = Debug;
		};
		DB6B6EC629616DBD00583BDD /* Release */ = {
			isa = XCBuildConfiguration;
			buildSettings = {
				ASSETCATALOG_COMPILER_APPICON_NAME = AppIcon;
				ASSETCATALOG_COMPILER_GLOBAL_ACCENT_COLOR_NAME = AccentColor;
				CODE_SIGN_STYLE = Automatic;
				CURRENT_PROJECT_VERSION = 1;
				DEVELOPMENT_ASSET_PATHS = "\"Touchdown/Preview Content\"";
				DEVELOPMENT_TEAM = Y8Y75ZYA6Q;
				ENABLE_PREVIEWS = YES;
				GENERATE_INFOPLIST_FILE = YES;
				INFOPLIST_FILE = Touchdown/Info.plist;
				INFOPLIST_KEY_UIApplicationSceneManifest_Generation = YES;
				INFOPLIST_KEY_UIApplicationSupportsIndirectInputEvents = YES;
				INFOPLIST_KEY_UISupportedInterfaceOrientations_iPad = "UIInterfaceOrientationPortrait UIInterfaceOrientationPortraitUpsideDown UIInterfaceOrientationLandscapeLeft UIInterfaceOrientationLandscapeRight";
				INFOPLIST_KEY_UISupportedInterfaceOrientations_iPhone = "UIInterfaceOrientationPortrait UIInterfaceOrientationLandscapeLeft UIInterfaceOrientationLandscapeRight";
				INFOPLIST_KEY_UIUserInterfaceStyle = Light;
				LD_RUNPATH_SEARCH_PATHS = (
					"$(inherited)",
					"@executable_path/Frameworks",
				);
				MARKETING_VERSION = 1.0;
				PRODUCT_BUNDLE_IDENTIFIER = com.ashish.Touchdown;
				PRODUCT_NAME = "$(TARGET_NAME)";
				SWIFT_EMIT_LOC_STRINGS = YES;
				SWIFT_VERSION = 5.0;
				TARGETED_DEVICE_FAMILY = "1,2";
			};
			name = Release;
		};
/* End XCBuildConfiguration section */

/* Begin XCConfigurationList section */
		DB6B6EB129616DBA00583BDD /* Build configuration list for PBXProject "Touchdown" */ = {
			isa = XCConfigurationList;
			buildConfigurations = (
				DB6B6EC229616DBD00583BDD /* Debug */,
				DB6B6EC329616DBD00583BDD /* Release */,
			);
			defaultConfigurationIsVisible = 0;
			defaultConfigurationName = Release;
		};
		DB6B6EC429616DBD00583BDD /* Build configuration list for PBXNativeTarget "Touchdown" */ = {
			isa = XCConfigurationList;
			buildConfigurations = (
				DB6B6EC529616DBD00583BDD /* Debug */,
				DB6B6EC629616DBD00583BDD /* Release */,
			);
			defaultConfigurationIsVisible = 0;
			defaultConfigurationName = Release;
		};
/* End XCConfigurationList section */
	};
	rootObject = DB6B6EAE29616DBA00583BDD /* Project object */;
}
